
Microsoft Visual Studio Solution File, Format Version 12.00
# Visual Studio 14
VisualStudioVersion = 14.0.23107.0
MinimumVisualStudioVersion = 10.0.40219.1
Project("{FAE04EC0-301F-11D3-BF4B-00C04F79EFBC}") = "landing-api", "landing-api\landing-api.csproj", "{2788B38E-03A5-4C10-8DFF-0A689CDA96BA}"
EndProject
Project("{FAE04EC0-301F-11D3-BF4B-00C04F79EFBC}") = "LandingJobsMobile", "landing-xamarin\LandingJobsMobile\LandingJobsMobile.csproj", "{AC9E0A14-C00D-4945-B27B-EE812F9BD8EB}"
EndProject
Project("{2150E333-8FDC-42A3-9474-1A3956D46DE8}") = "Platforms", "Platforms", "{A2879659-15CC-435A-85D0-57703B8A8DB3}"
EndProject
Project("{FAE04EC0-301F-11D3-BF4B-00C04F79EFBC}") = "LandingJobsMobile.Droid", "landing-xamarin\LandingJobsMobile.Droid\LandingJobsMobile.Droid.csproj", "{B63B351D-804A-4E7B-A5DD-9E48A4799A55}"
EndProject
Project("{FAE04EC0-301F-11D3-BF4B-00C04F79EFBC}") = "LandingJobsMobile.iOS", "landing-xamarin\LandingJobsMobile.iOS\LandingJobsMobile.iOS.csproj", "{F29853A1-EA1F-4DB0-BC3B-0072CDC0F18E}"
EndProject
Global
	GlobalSection(SolutionConfigurationPlatforms) = preSolution
		Debug|Any CPU = Debug|Any CPU
		Debug|ARM = Debug|ARM
		Debug|iPhone = Debug|iPhone
		Debug|iPhoneSimulator = Debug|iPhoneSimulator
		Debug|x86 = Debug|x86
		Release|Any CPU = Release|Any CPU
		Release|ARM = Release|ARM
		Release|iPhone = Release|iPhone
		Release|iPhoneSimulator = Release|iPhoneSimulator
		Release|x86 = Release|x86
	EndGlobalSection
	GlobalSection(ProjectConfigurationPlatforms) = postSolution
		{2788B38E-03A5-4C10-8DFF-0A689CDA96BA}.Debug|Any CPU.ActiveCfg = Debug|Any CPU
		{2788B38E-03A5-4C10-8DFF-0A689CDA96BA}.Debug|Any CPU.Build.0 = Debug|Any CPU
		{2788B38E-03A5-4C10-8DFF-0A689CDA96BA}.Debug|ARM.ActiveCfg = Debug|Any CPU
		{2788B38E-03A5-4C10-8DFF-0A689CDA96BA}.Debug|ARM.Build.0 = Debug|Any CPU
		{2788B38E-03A5-4C10-8DFF-0A689CDA96BA}.Debug|iPhone.ActiveCfg = Debug|Any CPU
		{2788B38E-03A5-4C10-8DFF-0A689CDA96BA}.Debug|iPhone.Build.0 = Debug|Any CPU
		{2788B38E-03A5-4C10-8DFF-0A689CDA96BA}.Debug|iPhoneSimulator.ActiveCfg = Debug|Any CPU
		{2788B38E-03A5-4C10-8DFF-0A689CDA96BA}.Debug|iPhoneSimulator.Build.0 = Debug|Any CPU
		{2788B38E-03A5-4C10-8DFF-0A689CDA96BA}.Debug|x86.ActiveCfg = Debug|Any CPU
		{2788B38E-03A5-4C10-8DFF-0A689CDA96BA}.Debug|x86.Build.0 = Debug|Any CPU
		{2788B38E-03A5-4C10-8DFF-0A689CDA96BA}.Release|Any CPU.ActiveCfg = Release|Any CPU
		{2788B38E-03A5-4C10-8DFF-0A689CDA96BA}.Release|Any CPU.Build.0 = Release|Any CPU
		{2788B38E-03A5-4C10-8DFF-0A689CDA96BA}.Release|ARM.ActiveCfg = Release|Any CPU
		{2788B38E-03A5-4C10-8DFF-0A689CDA96BA}.Release|ARM.Build.0 = Release|Any CPU
		{2788B38E-03A5-4C10-8DFF-0A689CDA96BA}.Release|iPhone.ActiveCfg = Release|Any CPU
		{2788B38E-03A5-4C10-8DFF-0A689CDA96BA}.Release|iPhone.Build.0 = Release|Any CPU
		{2788B38E-03A5-4C10-8DFF-0A689CDA96BA}.Release|iPhoneSimulator.ActiveCfg = Release|Any CPU
		{2788B38E-03A5-4C10-8DFF-0A689CDA96BA}.Release|iPhoneSimulator.Build.0 = Release|Any CPU
		{2788B38E-03A5-4C10-8DFF-0A689CDA96BA}.Release|x86.ActiveCfg = Release|Any CPU
		{2788B38E-03A5-4C10-8DFF-0A689CDA96BA}.Release|x86.Build.0 = Release|Any CPU
		{AC9E0A14-C00D-4945-B27B-EE812F9BD8EB}.Debug|Any CPU.ActiveCfg = Debug|Any CPU
		{AC9E0A14-C00D-4945-B27B-EE812F9BD8EB}.Debug|Any CPU.Build.0 = Debug|Any CPU
		{AC9E0A14-C00D-4945-B27B-EE812F9BD8EB}.Debug|ARM.ActiveCfg = Debug|Any CPU
		{AC9E0A14-C00D-4945-B27B-EE812F9BD8EB}.Debug|ARM.Build.0 = Debug|Any CPU
		{AC9E0A14-C00D-4945-B27B-EE812F9BD8EB}.Debug|iPhone.ActiveCfg = Debug|Any CPU
		{AC9E0A14-C00D-4945-B27B-EE812F9BD8EB}.Debug|iPhone.Build.0 = Debug|Any CPU
		{AC9E0A14-C00D-4945-B27B-EE812F9BD8EB}.Debug|iPhoneSimulator.ActiveCfg = Debug|Any CPU
		{AC9E0A14-C00D-4945-B27B-EE812F9BD8EB}.Debug|iPhoneSimulator.Build.0 = Debug|Any CPU
		{AC9E0A14-C00D-4945-B27B-EE812F9BD8EB}.Debug|x86.ActiveCfg = Debug|Any CPU
		{AC9E0A14-C00D-4945-B27B-EE812F9BD8EB}.Debug|x86.Build.0 = Debug|Any CPU
		{AC9E0A14-C00D-4945-B27B-EE812F9BD8EB}.Release|Any CPU.ActiveCfg = Release|Any CPU
		{AC9E0A14-C00D-4945-B27B-EE812F9BD8EB}.Release|Any CPU.Build.0 = Release|Any CPU
		{AC9E0A14-C00D-4945-B27B-EE812F9BD8EB}.Release|ARM.ActiveCfg = Release|Any CPU
		{AC9E0A14-C00D-4945-B27B-EE812F9BD8EB}.Release|ARM.Build.0 = Release|Any CPU
		{AC9E0A14-C00D-4945-B27B-EE812F9BD8EB}.Release|iPhone.ActiveCfg = Release|Any CPU
		{AC9E0A14-C00D-4945-B27B-EE812F9BD8EB}.Release|iPhone.Build.0 = Release|Any CPU
		{AC9E0A14-C00D-4945-B27B-EE812F9BD8EB}.Release|iPhoneSimulator.ActiveCfg = Release|Any CPU
		{AC9E0A14-C00D-4945-B27B-EE812F9BD8EB}.Release|iPhoneSimulator.Build.0 = Release|Any CPU
		{AC9E0A14-C00D-4945-B27B-EE812F9BD8EB}.Release|x86.ActiveCfg = Release|Any CPU
		{AC9E0A14-C00D-4945-B27B-EE812F9BD8EB}.Release|x86.Build.0 = Release|Any CPU
		{B63B351D-804A-4E7B-A5DD-9E48A4799A55}.Debug|Any CPU.ActiveCfg = Debug|Any CPU
		{B63B351D-804A-4E7B-A5DD-9E48A4799A55}.Debug|Any CPU.Build.0 = Debug|Any CPU
		{B63B351D-804A-4E7B-A5DD-9E48A4799A55}.Debug|Any CPU.Deploy.0 = Debug|Any CPU
		{B63B351D-804A-4E7B-A5DD-9E48A4799A55}.Debug|ARM.ActiveCfg = Debug|Any CPU
		{B63B351D-804A-4E7B-A5DD-9E48A4799A55}.Debug|ARM.Build.0 = Debug|Any CPU
		{B63B351D-804A-4E7B-A5DD-9E48A4799A55}.Debug|ARM.Deploy.0 = Debug|Any CPU
		{B63B351D-804A-4E7B-A5DD-9E48A4799A55}.Debug|iPhone.ActiveCfg = Debug|Any CPU
		{B63B351D-804A-4E7B-A5DD-9E48A4799A55}.Debug|iPhone.Build.0 = Debug|Any CPU
		{B63B351D-804A-4E7B-A5DD-9E48A4799A55}.Debug|iPhone.Deploy.0 = Debug|Any CPU
		{B63B351D-804A-4E7B-A5DD-9E48A4799A55}.Debug|iPhoneSimulator.ActiveCfg = Debug|Any CPU
		{B63B351D-804A-4E7B-A5DD-9E48A4799A55}.Debug|iPhoneSimulator.Build.0 = Debug|Any CPU
		{B63B351D-804A-4E7B-A5DD-9E48A4799A55}.Debug|iPhoneSimulator.Deploy.0 = Debug|Any CPU
		{B63B351D-804A-4E7B-A5DD-9E48A4799A55}.Debug|x86.ActiveCfg = Debug|Any CPU
		{B63B351D-804A-4E7B-A5DD-9E48A4799A55}.Debug|x86.Build.0 = Debug|Any CPU
		{B63B351D-804A-4E7B-A5DD-9E48A4799A55}.Debug|x86.Deploy.0 = Debug|Any CPU
		{B63B351D-804A-4E7B-A5DD-9E48A4799A55}.Release|Any CPU.ActiveCfg = Release|Any CPU
		{B63B351D-804A-4E7B-A5DD-9E48A4799A55}.Release|Any CPU.Build.0 = Release|Any CPU
		{B63B351D-804A-4E7B-A5DD-9E48A4799A55}.Release|Any CPU.Deploy.0 = Release|Any CPU
		{B63B351D-804A-4E7B-A5DD-9E48A4799A55}.Release|ARM.ActiveCfg = Release|Any CPU
		{B63B351D-804A-4E7B-A5DD-9E48A4799A55}.Release|ARM.Build.0 = Release|Any CPU
		{B63B351D-804A-4E7B-A5DD-9E48A4799A55}.Release|ARM.Deploy.0 = Release|Any CPU
		{B63B351D-804A-4E7B-A5DD-9E48A4799A55}.Release|iPhone.ActiveCfg = Release|Any CPU
		{B63B351D-804A-4E7B-A5DD-9E48A4799A55}.Release|iPhone.Build.0 = Release|Any CPU
		{B63B351D-804A-4E7B-A5DD-9E48A4799A55}.Release|iPhone.Deploy.0 = Release|Any CPU
		{B63B351D-804A-4E7B-A5DD-9E48A4799A55}.Release|iPhoneSimulator.ActiveCfg = Release|Any CPU
		{B63B351D-804A-4E7B-A5DD-9E48A4799A55}.Release|iPhoneSimulator.Build.0 = Release|Any CPU
		{B63B351D-804A-4E7B-A5DD-9E48A4799A55}.Release|iPhoneSimulator.Deploy.0 = Release|Any CPU
		{B63B351D-804A-4E7B-A5DD-9E48A4799A55}.Release|x86.ActiveCfg = Release|Any CPU
		{B63B351D-804A-4E7B-A5DD-9E48A4799A55}.Release|x86.Build.0 = Release|Any CPU
		{B63B351D-804A-4E7B-A5DD-9E48A4799A55}.Release|x86.Deploy.0 = Release|Any CPU
		{F29853A1-EA1F-4DB0-BC3B-0072CDC0F18E}.Debug|Any CPU.ActiveCfg = Debug|iPhone
		{F29853A1-EA1F-4DB0-BC3B-0072CDC0F18E}.Debug|ARM.ActiveCfg = Debug|iPhone
		{F29853A1-EA1F-4DB0-BC3B-0072CDC0F18E}.Debug|iPhone.ActiveCfg = Debug|iPhone
		{F29853A1-EA1F-4DB0-BC3B-0072CDC0F18E}.Debug|iPhone.Build.0 = Debug|iPhone
		{F29853A1-EA1F-4DB0-BC3B-0072CDC0F18E}.Debug|iPhoneSimulator.ActiveCfg = Debug|iPhoneSimulator
		{F29853A1-EA1F-4DB0-BC3B-0072CDC0F18E}.Debug|iPhoneSimulator.Build.0 = Debug|iPhoneSimulator
		{F29853A1-EA1F-4DB0-BC3B-0072CDC0F18E}.Debug|x86.ActiveCfg = Debug|iPhone
		{F29853A1-EA1F-4DB0-BC3B-0072CDC0F18E}.Release|Any CPU.ActiveCfg = Release|iPhone
		{F29853A1-EA1F-4DB0-BC3B-0072CDC0F18E}.Release|ARM.ActiveCfg = Release|iPhone
		{F29853A1-EA1F-4DB0-BC3B-0072CDC0F18E}.Release|iPhone.ActiveCfg = Release|iPhone
		{F29853A1-EA1F-4DB0-BC3B-0072CDC0F18E}.Release|iPhone.Build.0 = Release|iPhone
		{F29853A1-EA1F-4DB0-BC3B-0072CDC0F18E}.Release|iPhoneSimulator.ActiveCfg = Release|iPhoneSimulator
		{F29853A1-EA1F-4DB0-BC3B-0072CDC0F18E}.Release|iPhoneSimulator.Build.0 = Release|iPhoneSimulator
		{F29853A1-EA1F-4DB0-BC3B-0072CDC0F18E}.Release|x86.ActiveCfg = Release|iPhone
	EndGlobalSection
	GlobalSection(SolutionProperties) = preSolution
		HideSolutionNode = FALSE
	EndGlobalSection
	GlobalSection(NestedProjects) = preSolution
		{B63B351D-804A-4E7B-A5DD-9E48A4799A55} = {A2879659-15CC-435A-85D0-57703B8A8DB3}
		{F29853A1-EA1F-4DB0-BC3B-0072CDC0F18E} = {A2879659-15CC-435A-85D0-57703B8A8DB3}
	EndGlobalSection
EndGlobal
