
Microsoft Visual Studio Solution File, Format Version 12.00
# Visual Studio 14
VisualStudioVersion = 14.0.24720.0
MinimumVisualStudioVersion = 10.0.40219.1
Project("{FAE04EC0-301F-11D3-BF4B-00C04F79EFBC}") = "landing-api", "landing-api\landing-api.csproj", "{2788B38E-03A5-4C10-8DFF-0A689CDA96BA}"
EndProject
Project("{2150E333-8FDC-42A3-9474-1A3956D46DE8}") = "Platforms", "Platforms", "{A2879659-15CC-435A-85D0-57703B8A8DB3}"
EndProject
Project("{FAE04EC0-301F-11D3-BF4B-00C04F79EFBC}") = "LandingMobileApp", "LandingMobileApp\LandingMobileApp\LandingMobileApp.csproj", "{E3B85BD2-0330-4B9D-9DA5-C8BE5C613EA9}"
EndProject
Project("{FAE04EC0-301F-11D3-BF4B-00C04F79EFBC}") = "LandingMobileApp.iOS", "LandingMobileApp\LandingMobileApp.iOS\LandingMobileApp.iOS.csproj", "{FC272BB3-7547-4DF4-8521-8E99D4DC8F60}"
EndProject
Project("{FAE04EC0-301F-11D3-BF4B-00C04F79EFBC}") = "LandingMobileApp.Droid", "LandingMobileApp\LandingMobileApp.Droid\LandingMobileApp.Droid.csproj", "{99A24723-27E3-4F32-9A99-1A80DFF33DE6}"
EndProject
Project("{FAE04EC0-301F-11D3-BF4B-00C04F79EFBC}") = "LandingMobileApp.WinPhone", "LandingMobileApp\LandingMobileApp.WinPhone\LandingMobileApp.WinPhone.csproj", "{A51450DC-3652-4B4B-899D-C7A616D80B8F}"
EndProject
Global
	GlobalSection(SolutionConfigurationPlatforms) = preSolution
		Ad-Hoc|Any CPU = Ad-Hoc|Any CPU
		Ad-Hoc|ARM = Ad-Hoc|ARM
		Ad-Hoc|iPhone = Ad-Hoc|iPhone
		Ad-Hoc|iPhoneSimulator = Ad-Hoc|iPhoneSimulator
		Ad-Hoc|x86 = Ad-Hoc|x86
		AppStore|Any CPU = AppStore|Any CPU
		AppStore|ARM = AppStore|ARM
		AppStore|iPhone = AppStore|iPhone
		AppStore|iPhoneSimulator = AppStore|iPhoneSimulator
		AppStore|x86 = AppStore|x86
		Debug|Any CPU = Debug|Any CPU
		Debug|ARM = Debug|ARM
		Debug|iPhone = Debug|iPhone
		Debug|iPhoneSimulator = Debug|iPhoneSimulator
		Debug|x86 = Debug|x86
		Release|Any CPU = Release|Any CPU
		Release|ARM = Release|ARM
		Release|iPhone = Release|iPhone
		Release|iPhoneSimulator = Release|iPhoneSimulator
		Release|x86 = Release|x86
	EndGlobalSection
	GlobalSection(ProjectConfigurationPlatforms) = postSolution
		{2788B38E-03A5-4C10-8DFF-0A689CDA96BA}.Ad-Hoc|Any CPU.ActiveCfg = Release|Any CPU
		{2788B38E-03A5-4C10-8DFF-0A689CDA96BA}.Ad-Hoc|Any CPU.Build.0 = Release|Any CPU
		{2788B38E-03A5-4C10-8DFF-0A689CDA96BA}.Ad-Hoc|ARM.ActiveCfg = Release|Any CPU
		{2788B38E-03A5-4C10-8DFF-0A689CDA96BA}.Ad-Hoc|ARM.Build.0 = Release|Any CPU
		{2788B38E-03A5-4C10-8DFF-0A689CDA96BA}.Ad-Hoc|iPhone.ActiveCfg = Release|Any CPU
		{2788B38E-03A5-4C10-8DFF-0A689CDA96BA}.Ad-Hoc|iPhone.Build.0 = Release|Any CPU
		{2788B38E-03A5-4C10-8DFF-0A689CDA96BA}.Ad-Hoc|iPhoneSimulator.ActiveCfg = Release|Any CPU
		{2788B38E-03A5-4C10-8DFF-0A689CDA96BA}.Ad-Hoc|iPhoneSimulator.Build.0 = Release|Any CPU
		{2788B38E-03A5-4C10-8DFF-0A689CDA96BA}.Ad-Hoc|x86.ActiveCfg = Release|Any CPU
		{2788B38E-03A5-4C10-8DFF-0A689CDA96BA}.Ad-Hoc|x86.Build.0 = Release|Any CPU
		{2788B38E-03A5-4C10-8DFF-0A689CDA96BA}.AppStore|Any CPU.ActiveCfg = Release|Any CPU
		{2788B38E-03A5-4C10-8DFF-0A689CDA96BA}.AppStore|Any CPU.Build.0 = Release|Any CPU
		{2788B38E-03A5-4C10-8DFF-0A689CDA96BA}.AppStore|ARM.ActiveCfg = Release|Any CPU
		{2788B38E-03A5-4C10-8DFF-0A689CDA96BA}.AppStore|ARM.Build.0 = Release|Any CPU
		{2788B38E-03A5-4C10-8DFF-0A689CDA96BA}.AppStore|iPhone.ActiveCfg = Release|Any CPU
		{2788B38E-03A5-4C10-8DFF-0A689CDA96BA}.AppStore|iPhone.Build.0 = Release|Any CPU
		{2788B38E-03A5-4C10-8DFF-0A689CDA96BA}.AppStore|iPhoneSimulator.ActiveCfg = Release|Any CPU
		{2788B38E-03A5-4C10-8DFF-0A689CDA96BA}.AppStore|iPhoneSimulator.Build.0 = Release|Any CPU
		{2788B38E-03A5-4C10-8DFF-0A689CDA96BA}.AppStore|x86.ActiveCfg = Release|Any CPU
		{2788B38E-03A5-4C10-8DFF-0A689CDA96BA}.AppStore|x86.Build.0 = Release|Any CPU
		{2788B38E-03A5-4C10-8DFF-0A689CDA96BA}.Debug|Any CPU.ActiveCfg = Debug|Any CPU
		{2788B38E-03A5-4C10-8DFF-0A689CDA96BA}.Debug|Any CPU.Build.0 = Debug|Any CPU
		{2788B38E-03A5-4C10-8DFF-0A689CDA96BA}.Debug|ARM.ActiveCfg = Debug|Any CPU
		{2788B38E-03A5-4C10-8DFF-0A689CDA96BA}.Debug|ARM.Build.0 = Debug|Any CPU
		{2788B38E-03A5-4C10-8DFF-0A689CDA96BA}.Debug|iPhone.ActiveCfg = Debug|Any CPU
		{2788B38E-03A5-4C10-8DFF-0A689CDA96BA}.Debug|iPhone.Build.0 = Debug|Any CPU
		{2788B38E-03A5-4C10-8DFF-0A689CDA96BA}.Debug|iPhoneSimulator.ActiveCfg = Debug|Any CPU
		{2788B38E-03A5-4C10-8DFF-0A689CDA96BA}.Debug|iPhoneSimulator.Build.0 = Debug|Any CPU
		{2788B38E-03A5-4C10-8DFF-0A689CDA96BA}.Debug|x86.ActiveCfg = Debug|Any CPU
		{2788B38E-03A5-4C10-8DFF-0A689CDA96BA}.Debug|x86.Build.0 = Debug|Any CPU
		{2788B38E-03A5-4C10-8DFF-0A689CDA96BA}.Release|Any CPU.ActiveCfg = Release|Any CPU
		{2788B38E-03A5-4C10-8DFF-0A689CDA96BA}.Release|Any CPU.Build.0 = Release|Any CPU
		{2788B38E-03A5-4C10-8DFF-0A689CDA96BA}.Release|ARM.ActiveCfg = Release|Any CPU
		{2788B38E-03A5-4C10-8DFF-0A689CDA96BA}.Release|ARM.Build.0 = Release|Any CPU
		{2788B38E-03A5-4C10-8DFF-0A689CDA96BA}.Release|iPhone.ActiveCfg = Release|Any CPU
		{2788B38E-03A5-4C10-8DFF-0A689CDA96BA}.Release|iPhone.Build.0 = Release|Any CPU
		{2788B38E-03A5-4C10-8DFF-0A689CDA96BA}.Release|iPhoneSimulator.ActiveCfg = Release|Any CPU
		{2788B38E-03A5-4C10-8DFF-0A689CDA96BA}.Release|iPhoneSimulator.Build.0 = Release|Any CPU
		{2788B38E-03A5-4C10-8DFF-0A689CDA96BA}.Release|x86.ActiveCfg = Release|Any CPU
		{2788B38E-03A5-4C10-8DFF-0A689CDA96BA}.Release|x86.Build.0 = Release|Any CPU
		{E3B85BD2-0330-4B9D-9DA5-C8BE5C613EA9}.Ad-Hoc|Any CPU.ActiveCfg = Release|Any CPU
		{E3B85BD2-0330-4B9D-9DA5-C8BE5C613EA9}.Ad-Hoc|Any CPU.Build.0 = Release|Any CPU
		{E3B85BD2-0330-4B9D-9DA5-C8BE5C613EA9}.Ad-Hoc|ARM.ActiveCfg = Release|Any CPU
		{E3B85BD2-0330-4B9D-9DA5-C8BE5C613EA9}.Ad-Hoc|ARM.Build.0 = Release|Any CPU
		{E3B85BD2-0330-4B9D-9DA5-C8BE5C613EA9}.Ad-Hoc|iPhone.ActiveCfg = Release|Any CPU
		{E3B85BD2-0330-4B9D-9DA5-C8BE5C613EA9}.Ad-Hoc|iPhone.Build.0 = Release|Any CPU
		{E3B85BD2-0330-4B9D-9DA5-C8BE5C613EA9}.Ad-Hoc|iPhoneSimulator.ActiveCfg = Release|Any CPU
		{E3B85BD2-0330-4B9D-9DA5-C8BE5C613EA9}.Ad-Hoc|iPhoneSimulator.Build.0 = Release|Any CPU
		{E3B85BD2-0330-4B9D-9DA5-C8BE5C613EA9}.Ad-Hoc|x86.ActiveCfg = Release|Any CPU
		{E3B85BD2-0330-4B9D-9DA5-C8BE5C613EA9}.Ad-Hoc|x86.Build.0 = Release|Any CPU
		{E3B85BD2-0330-4B9D-9DA5-C8BE5C613EA9}.AppStore|Any CPU.ActiveCfg = Release|Any CPU
		{E3B85BD2-0330-4B9D-9DA5-C8BE5C613EA9}.AppStore|Any CPU.Build.0 = Release|Any CPU
		{E3B85BD2-0330-4B9D-9DA5-C8BE5C613EA9}.AppStore|ARM.ActiveCfg = Release|Any CPU
		{E3B85BD2-0330-4B9D-9DA5-C8BE5C613EA9}.AppStore|ARM.Build.0 = Release|Any CPU
		{E3B85BD2-0330-4B9D-9DA5-C8BE5C613EA9}.AppStore|iPhone.ActiveCfg = Release|Any CPU
		{E3B85BD2-0330-4B9D-9DA5-C8BE5C613EA9}.AppStore|iPhone.Build.0 = Release|Any CPU
		{E3B85BD2-0330-4B9D-9DA5-C8BE5C613EA9}.AppStore|iPhoneSimulator.ActiveCfg = Release|Any CPU
		{E3B85BD2-0330-4B9D-9DA5-C8BE5C613EA9}.AppStore|iPhoneSimulator.Build.0 = Release|Any CPU
		{E3B85BD2-0330-4B9D-9DA5-C8BE5C613EA9}.AppStore|x86.ActiveCfg = Release|Any CPU
		{E3B85BD2-0330-4B9D-9DA5-C8BE5C613EA9}.AppStore|x86.Build.0 = Release|Any CPU
		{E3B85BD2-0330-4B9D-9DA5-C8BE5C613EA9}.Debug|Any CPU.ActiveCfg = Debug|Any CPU
		{E3B85BD2-0330-4B9D-9DA5-C8BE5C613EA9}.Debug|Any CPU.Build.0 = Debug|Any CPU
		{E3B85BD2-0330-4B9D-9DA5-C8BE5C613EA9}.Debug|ARM.ActiveCfg = Debug|Any CPU
		{E3B85BD2-0330-4B9D-9DA5-C8BE5C613EA9}.Debug|ARM.Build.0 = Debug|Any CPU
		{E3B85BD2-0330-4B9D-9DA5-C8BE5C613EA9}.Debug|iPhone.ActiveCfg = Debug|Any CPU
		{E3B85BD2-0330-4B9D-9DA5-C8BE5C613EA9}.Debug|iPhone.Build.0 = Debug|Any CPU
		{E3B85BD2-0330-4B9D-9DA5-C8BE5C613EA9}.Debug|iPhoneSimulator.ActiveCfg = Debug|Any CPU
		{E3B85BD2-0330-4B9D-9DA5-C8BE5C613EA9}.Debug|iPhoneSimulator.Build.0 = Debug|Any CPU
		{E3B85BD2-0330-4B9D-9DA5-C8BE5C613EA9}.Debug|x86.ActiveCfg = Debug|Any CPU
		{E3B85BD2-0330-4B9D-9DA5-C8BE5C613EA9}.Debug|x86.Build.0 = Debug|Any CPU
		{E3B85BD2-0330-4B9D-9DA5-C8BE5C613EA9}.Release|Any CPU.ActiveCfg = Release|Any CPU
		{E3B85BD2-0330-4B9D-9DA5-C8BE5C613EA9}.Release|Any CPU.Build.0 = Release|Any CPU
		{E3B85BD2-0330-4B9D-9DA5-C8BE5C613EA9}.Release|ARM.ActiveCfg = Release|Any CPU
		{E3B85BD2-0330-4B9D-9DA5-C8BE5C613EA9}.Release|ARM.Build.0 = Release|Any CPU
		{E3B85BD2-0330-4B9D-9DA5-C8BE5C613EA9}.Release|iPhone.ActiveCfg = Release|Any CPU
		{E3B85BD2-0330-4B9D-9DA5-C8BE5C613EA9}.Release|iPhone.Build.0 = Release|Any CPU
		{E3B85BD2-0330-4B9D-9DA5-C8BE5C613EA9}.Release|iPhoneSimulator.ActiveCfg = Release|Any CPU
		{E3B85BD2-0330-4B9D-9DA5-C8BE5C613EA9}.Release|iPhoneSimulator.Build.0 = Release|Any CPU
		{E3B85BD2-0330-4B9D-9DA5-C8BE5C613EA9}.Release|x86.ActiveCfg = Release|Any CPU
		{E3B85BD2-0330-4B9D-9DA5-C8BE5C613EA9}.Release|x86.Build.0 = Release|Any CPU
		{FC272BB3-7547-4DF4-8521-8E99D4DC8F60}.Ad-Hoc|Any CPU.ActiveCfg = Ad-Hoc|iPhone
		{FC272BB3-7547-4DF4-8521-8E99D4DC8F60}.Ad-Hoc|ARM.ActiveCfg = Ad-Hoc|iPhone
		{FC272BB3-7547-4DF4-8521-8E99D4DC8F60}.Ad-Hoc|iPhone.ActiveCfg = Ad-Hoc|iPhone
		{FC272BB3-7547-4DF4-8521-8E99D4DC8F60}.Ad-Hoc|iPhone.Build.0 = Ad-Hoc|iPhone
		{FC272BB3-7547-4DF4-8521-8E99D4DC8F60}.Ad-Hoc|iPhoneSimulator.ActiveCfg = Ad-Hoc|iPhoneSimulator
		{FC272BB3-7547-4DF4-8521-8E99D4DC8F60}.Ad-Hoc|iPhoneSimulator.Build.0 = Ad-Hoc|iPhoneSimulator
		{FC272BB3-7547-4DF4-8521-8E99D4DC8F60}.Ad-Hoc|x86.ActiveCfg = Ad-Hoc|iPhone
		{FC272BB3-7547-4DF4-8521-8E99D4DC8F60}.AppStore|Any CPU.ActiveCfg = AppStore|iPhone
		{FC272BB3-7547-4DF4-8521-8E99D4DC8F60}.AppStore|ARM.ActiveCfg = AppStore|iPhone
		{FC272BB3-7547-4DF4-8521-8E99D4DC8F60}.AppStore|iPhone.ActiveCfg = AppStore|iPhone
		{FC272BB3-7547-4DF4-8521-8E99D4DC8F60}.AppStore|iPhone.Build.0 = AppStore|iPhone
		{FC272BB3-7547-4DF4-8521-8E99D4DC8F60}.AppStore|iPhoneSimulator.ActiveCfg = AppStore|iPhoneSimulator
		{FC272BB3-7547-4DF4-8521-8E99D4DC8F60}.AppStore|iPhoneSimulator.Build.0 = AppStore|iPhoneSimulator
		{FC272BB3-7547-4DF4-8521-8E99D4DC8F60}.AppStore|x86.ActiveCfg = AppStore|iPhone
		{FC272BB3-7547-4DF4-8521-8E99D4DC8F60}.Debug|Any CPU.ActiveCfg = Debug|iPhone
		{FC272BB3-7547-4DF4-8521-8E99D4DC8F60}.Debug|ARM.ActiveCfg = Debug|iPhone
		{FC272BB3-7547-4DF4-8521-8E99D4DC8F60}.Debug|iPhone.ActiveCfg = Debug|iPhone
		{FC272BB3-7547-4DF4-8521-8E99D4DC8F60}.Debug|iPhone.Build.0 = Debug|iPhone
		{FC272BB3-7547-4DF4-8521-8E99D4DC8F60}.Debug|iPhoneSimulator.ActiveCfg = Debug|iPhoneSimulator
		{FC272BB3-7547-4DF4-8521-8E99D4DC8F60}.Debug|iPhoneSimulator.Build.0 = Debug|iPhoneSimulator
		{FC272BB3-7547-4DF4-8521-8E99D4DC8F60}.Debug|x86.ActiveCfg = Debug|iPhone
		{FC272BB3-7547-4DF4-8521-8E99D4DC8F60}.Release|Any CPU.ActiveCfg = Release|iPhone
		{FC272BB3-7547-4DF4-8521-8E99D4DC8F60}.Release|ARM.ActiveCfg = Release|iPhone
		{FC272BB3-7547-4DF4-8521-8E99D4DC8F60}.Release|iPhone.ActiveCfg = Release|iPhone
		{FC272BB3-7547-4DF4-8521-8E99D4DC8F60}.Release|iPhone.Build.0 = Release|iPhone
		{FC272BB3-7547-4DF4-8521-8E99D4DC8F60}.Release|iPhoneSimulator.ActiveCfg = Release|iPhoneSimulator
		{FC272BB3-7547-4DF4-8521-8E99D4DC8F60}.Release|iPhoneSimulator.Build.0 = Release|iPhoneSimulator
		{FC272BB3-7547-4DF4-8521-8E99D4DC8F60}.Release|x86.ActiveCfg = Release|iPhone
		{99A24723-27E3-4F32-9A99-1A80DFF33DE6}.Ad-Hoc|Any CPU.ActiveCfg = Release|Any CPU
		{99A24723-27E3-4F32-9A99-1A80DFF33DE6}.Ad-Hoc|Any CPU.Build.0 = Release|Any CPU
		{99A24723-27E3-4F32-9A99-1A80DFF33DE6}.Ad-Hoc|Any CPU.Deploy.0 = Release|Any CPU
		{99A24723-27E3-4F32-9A99-1A80DFF33DE6}.Ad-Hoc|ARM.ActiveCfg = Release|Any CPU
		{99A24723-27E3-4F32-9A99-1A80DFF33DE6}.Ad-Hoc|ARM.Build.0 = Release|Any CPU
		{99A24723-27E3-4F32-9A99-1A80DFF33DE6}.Ad-Hoc|ARM.Deploy.0 = Release|Any CPU
		{99A24723-27E3-4F32-9A99-1A80DFF33DE6}.Ad-Hoc|iPhone.ActiveCfg = Release|Any CPU
		{99A24723-27E3-4F32-9A99-1A80DFF33DE6}.Ad-Hoc|iPhone.Build.0 = Release|Any CPU
		{99A24723-27E3-4F32-9A99-1A80DFF33DE6}.Ad-Hoc|iPhone.Deploy.0 = Release|Any CPU
		{99A24723-27E3-4F32-9A99-1A80DFF33DE6}.Ad-Hoc|iPhoneSimulator.ActiveCfg = Release|Any CPU
		{99A24723-27E3-4F32-9A99-1A80DFF33DE6}.Ad-Hoc|iPhoneSimulator.Build.0 = Release|Any CPU
		{99A24723-27E3-4F32-9A99-1A80DFF33DE6}.Ad-Hoc|iPhoneSimulator.Deploy.0 = Release|Any CPU
		{99A24723-27E3-4F32-9A99-1A80DFF33DE6}.Ad-Hoc|x86.ActiveCfg = Release|Any CPU
		{99A24723-27E3-4F32-9A99-1A80DFF33DE6}.Ad-Hoc|x86.Build.0 = Release|Any CPU
		{99A24723-27E3-4F32-9A99-1A80DFF33DE6}.Ad-Hoc|x86.Deploy.0 = Release|Any CPU
		{99A24723-27E3-4F32-9A99-1A80DFF33DE6}.AppStore|Any CPU.ActiveCfg = Release|Any CPU
		{99A24723-27E3-4F32-9A99-1A80DFF33DE6}.AppStore|Any CPU.Build.0 = Release|Any CPU
		{99A24723-27E3-4F32-9A99-1A80DFF33DE6}.AppStore|Any CPU.Deploy.0 = Release|Any CPU
		{99A24723-27E3-4F32-9A99-1A80DFF33DE6}.AppStore|ARM.ActiveCfg = Release|Any CPU
		{99A24723-27E3-4F32-9A99-1A80DFF33DE6}.AppStore|ARM.Build.0 = Release|Any CPU
		{99A24723-27E3-4F32-9A99-1A80DFF33DE6}.AppStore|ARM.Deploy.0 = Release|Any CPU
		{99A24723-27E3-4F32-9A99-1A80DFF33DE6}.AppStore|iPhone.ActiveCfg = Release|Any CPU
		{99A24723-27E3-4F32-9A99-1A80DFF33DE6}.AppStore|iPhone.Build.0 = Release|Any CPU
		{99A24723-27E3-4F32-9A99-1A80DFF33DE6}.AppStore|iPhone.Deploy.0 = Release|Any CPU
		{99A24723-27E3-4F32-9A99-1A80DFF33DE6}.AppStore|iPhoneSimulator.ActiveCfg = Release|Any CPU
		{99A24723-27E3-4F32-9A99-1A80DFF33DE6}.AppStore|iPhoneSimulator.Build.0 = Release|Any CPU
		{99A24723-27E3-4F32-9A99-1A80DFF33DE6}.AppStore|iPhoneSimulator.Deploy.0 = Release|Any CPU
		{99A24723-27E3-4F32-9A99-1A80DFF33DE6}.AppStore|x86.ActiveCfg = Release|Any CPU
		{99A24723-27E3-4F32-9A99-1A80DFF33DE6}.AppStore|x86.Build.0 = Release|Any CPU
		{99A24723-27E3-4F32-9A99-1A80DFF33DE6}.AppStore|x86.Deploy.0 = Release|Any CPU
		{99A24723-27E3-4F32-9A99-1A80DFF33DE6}.Debug|Any CPU.ActiveCfg = Debug|Any CPU
		{99A24723-27E3-4F32-9A99-1A80DFF33DE6}.Debug|Any CPU.Build.0 = Debug|Any CPU
		{99A24723-27E3-4F32-9A99-1A80DFF33DE6}.Debug|Any CPU.Deploy.0 = Debug|Any CPU
		{99A24723-27E3-4F32-9A99-1A80DFF33DE6}.Debug|ARM.ActiveCfg = Debug|Any CPU
		{99A24723-27E3-4F32-9A99-1A80DFF33DE6}.Debug|ARM.Build.0 = Debug|Any CPU
		{99A24723-27E3-4F32-9A99-1A80DFF33DE6}.Debug|ARM.Deploy.0 = Debug|Any CPU
		{99A24723-27E3-4F32-9A99-1A80DFF33DE6}.Debug|iPhone.ActiveCfg = Debug|Any CPU
		{99A24723-27E3-4F32-9A99-1A80DFF33DE6}.Debug|iPhone.Build.0 = Debug|Any CPU
		{99A24723-27E3-4F32-9A99-1A80DFF33DE6}.Debug|iPhone.Deploy.0 = Debug|Any CPU
		{99A24723-27E3-4F32-9A99-1A80DFF33DE6}.Debug|iPhoneSimulator.ActiveCfg = Debug|Any CPU
		{99A24723-27E3-4F32-9A99-1A80DFF33DE6}.Debug|iPhoneSimulator.Build.0 = Debug|Any CPU
		{99A24723-27E3-4F32-9A99-1A80DFF33DE6}.Debug|iPhoneSimulator.Deploy.0 = Debug|Any CPU
		{99A24723-27E3-4F32-9A99-1A80DFF33DE6}.Debug|x86.ActiveCfg = Debug|Any CPU
		{99A24723-27E3-4F32-9A99-1A80DFF33DE6}.Debug|x86.Build.0 = Debug|Any CPU
		{99A24723-27E3-4F32-9A99-1A80DFF33DE6}.Debug|x86.Deploy.0 = Debug|Any CPU
		{99A24723-27E3-4F32-9A99-1A80DFF33DE6}.Release|Any CPU.ActiveCfg = Release|Any CPU
		{99A24723-27E3-4F32-9A99-1A80DFF33DE6}.Release|Any CPU.Build.0 = Release|Any CPU
		{99A24723-27E3-4F32-9A99-1A80DFF33DE6}.Release|Any CPU.Deploy.0 = Release|Any CPU
		{99A24723-27E3-4F32-9A99-1A80DFF33DE6}.Release|ARM.ActiveCfg = Release|Any CPU
		{99A24723-27E3-4F32-9A99-1A80DFF33DE6}.Release|ARM.Build.0 = Release|Any CPU
		{99A24723-27E3-4F32-9A99-1A80DFF33DE6}.Release|ARM.Deploy.0 = Release|Any CPU
		{99A24723-27E3-4F32-9A99-1A80DFF33DE6}.Release|iPhone.ActiveCfg = Release|Any CPU
		{99A24723-27E3-4F32-9A99-1A80DFF33DE6}.Release|iPhone.Build.0 = Release|Any CPU
		{99A24723-27E3-4F32-9A99-1A80DFF33DE6}.Release|iPhone.Deploy.0 = Release|Any CPU
		{99A24723-27E3-4F32-9A99-1A80DFF33DE6}.Release|iPhoneSimulator.ActiveCfg = Release|Any CPU
		{99A24723-27E3-4F32-9A99-1A80DFF33DE6}.Release|iPhoneSimulator.Build.0 = Release|Any CPU
		{99A24723-27E3-4F32-9A99-1A80DFF33DE6}.Release|iPhoneSimulator.Deploy.0 = Release|Any CPU
		{99A24723-27E3-4F32-9A99-1A80DFF33DE6}.Release|x86.ActiveCfg = Release|Any CPU
		{99A24723-27E3-4F32-9A99-1A80DFF33DE6}.Release|x86.Build.0 = Release|Any CPU
		{99A24723-27E3-4F32-9A99-1A80DFF33DE6}.Release|x86.Deploy.0 = Release|Any CPU
		{A51450DC-3652-4B4B-899D-C7A616D80B8F}.Ad-Hoc|Any CPU.ActiveCfg = Release|Any CPU
		{A51450DC-3652-4B4B-899D-C7A616D80B8F}.Ad-Hoc|Any CPU.Build.0 = Release|Any CPU
		{A51450DC-3652-4B4B-899D-C7A616D80B8F}.Ad-Hoc|Any CPU.Deploy.0 = Release|Any CPU
		{A51450DC-3652-4B4B-899D-C7A616D80B8F}.Ad-Hoc|ARM.ActiveCfg = Release|ARM
		{A51450DC-3652-4B4B-899D-C7A616D80B8F}.Ad-Hoc|ARM.Build.0 = Release|ARM
		{A51450DC-3652-4B4B-899D-C7A616D80B8F}.Ad-Hoc|ARM.Deploy.0 = Release|ARM
		{A51450DC-3652-4B4B-899D-C7A616D80B8F}.Ad-Hoc|iPhone.ActiveCfg = Release|Any CPU
		{A51450DC-3652-4B4B-899D-C7A616D80B8F}.Ad-Hoc|iPhone.Build.0 = Release|Any CPU
		{A51450DC-3652-4B4B-899D-C7A616D80B8F}.Ad-Hoc|iPhone.Deploy.0 = Release|Any CPU
		{A51450DC-3652-4B4B-899D-C7A616D80B8F}.Ad-Hoc|iPhoneSimulator.ActiveCfg = Release|Any CPU
		{A51450DC-3652-4B4B-899D-C7A616D80B8F}.Ad-Hoc|iPhoneSimulator.Build.0 = Release|Any CPU
		{A51450DC-3652-4B4B-899D-C7A616D80B8F}.Ad-Hoc|iPhoneSimulator.Deploy.0 = Release|Any CPU
		{A51450DC-3652-4B4B-899D-C7A616D80B8F}.Ad-Hoc|x86.ActiveCfg = Release|x86
		{A51450DC-3652-4B4B-899D-C7A616D80B8F}.Ad-Hoc|x86.Build.0 = Release|x86
		{A51450DC-3652-4B4B-899D-C7A616D80B8F}.Ad-Hoc|x86.Deploy.0 = Release|x86
		{A51450DC-3652-4B4B-899D-C7A616D80B8F}.AppStore|Any CPU.ActiveCfg = Release|Any CPU
		{A51450DC-3652-4B4B-899D-C7A616D80B8F}.AppStore|Any CPU.Build.0 = Release|Any CPU
		{A51450DC-3652-4B4B-899D-C7A616D80B8F}.AppStore|Any CPU.Deploy.0 = Release|Any CPU
		{A51450DC-3652-4B4B-899D-C7A616D80B8F}.AppStore|ARM.ActiveCfg = Release|ARM
		{A51450DC-3652-4B4B-899D-C7A616D80B8F}.AppStore|ARM.Build.0 = Release|ARM
		{A51450DC-3652-4B4B-899D-C7A616D80B8F}.AppStore|ARM.Deploy.0 = Release|ARM
		{A51450DC-3652-4B4B-899D-C7A616D80B8F}.AppStore|iPhone.ActiveCfg = Release|Any CPU
		{A51450DC-3652-4B4B-899D-C7A616D80B8F}.AppStore|iPhone.Build.0 = Release|Any CPU
		{A51450DC-3652-4B4B-899D-C7A616D80B8F}.AppStore|iPhone.Deploy.0 = Release|Any CPU
		{A51450DC-3652-4B4B-899D-C7A616D80B8F}.AppStore|iPhoneSimulator.ActiveCfg = Release|Any CPU
		{A51450DC-3652-4B4B-899D-C7A616D80B8F}.AppStore|iPhoneSimulator.Build.0 = Release|Any CPU
		{A51450DC-3652-4B4B-899D-C7A616D80B8F}.AppStore|iPhoneSimulator.Deploy.0 = Release|Any CPU
		{A51450DC-3652-4B4B-899D-C7A616D80B8F}.AppStore|x86.ActiveCfg = Release|x86
		{A51450DC-3652-4B4B-899D-C7A616D80B8F}.AppStore|x86.Build.0 = Release|x86
		{A51450DC-3652-4B4B-899D-C7A616D80B8F}.AppStore|x86.Deploy.0 = Release|x86
		{A51450DC-3652-4B4B-899D-C7A616D80B8F}.Debug|Any CPU.ActiveCfg = Debug|Any CPU
		{A51450DC-3652-4B4B-899D-C7A616D80B8F}.Debug|Any CPU.Build.0 = Debug|Any CPU
		{A51450DC-3652-4B4B-899D-C7A616D80B8F}.Debug|Any CPU.Deploy.0 = Debug|Any CPU
		{A51450DC-3652-4B4B-899D-C7A616D80B8F}.Debug|ARM.ActiveCfg = Debug|ARM
		{A51450DC-3652-4B4B-899D-C7A616D80B8F}.Debug|ARM.Build.0 = Debug|ARM
		{A51450DC-3652-4B4B-899D-C7A616D80B8F}.Debug|ARM.Deploy.0 = Debug|ARM
		{A51450DC-3652-4B4B-899D-C7A616D80B8F}.Debug|iPhone.ActiveCfg = Debug|Any CPU
		{A51450DC-3652-4B4B-899D-C7A616D80B8F}.Debug|iPhone.Build.0 = Debug|Any CPU
		{A51450DC-3652-4B4B-899D-C7A616D80B8F}.Debug|iPhone.Deploy.0 = Debug|Any CPU
		{A51450DC-3652-4B4B-899D-C7A616D80B8F}.Debug|iPhoneSimulator.ActiveCfg = Debug|Any CPU
		{A51450DC-3652-4B4B-899D-C7A616D80B8F}.Debug|iPhoneSimulator.Build.0 = Debug|Any CPU
		{A51450DC-3652-4B4B-899D-C7A616D80B8F}.Debug|iPhoneSimulator.Deploy.0 = Debug|Any CPU
		{A51450DC-3652-4B4B-899D-C7A616D80B8F}.Debug|x86.ActiveCfg = Debug|x86
		{A51450DC-3652-4B4B-899D-C7A616D80B8F}.Debug|x86.Build.0 = Debug|x86
		{A51450DC-3652-4B4B-899D-C7A616D80B8F}.Debug|x86.Deploy.0 = Debug|x86
		{A51450DC-3652-4B4B-899D-C7A616D80B8F}.Release|Any CPU.ActiveCfg = Release|Any CPU
		{A51450DC-3652-4B4B-899D-C7A616D80B8F}.Release|Any CPU.Build.0 = Release|Any CPU
		{A51450DC-3652-4B4B-899D-C7A616D80B8F}.Release|Any CPU.Deploy.0 = Release|Any CPU
		{A51450DC-3652-4B4B-899D-C7A616D80B8F}.Release|ARM.ActiveCfg = Release|ARM
		{A51450DC-3652-4B4B-899D-C7A616D80B8F}.Release|ARM.Build.0 = Release|ARM
		{A51450DC-3652-4B4B-899D-C7A616D80B8F}.Release|ARM.Deploy.0 = Release|ARM
		{A51450DC-3652-4B4B-899D-C7A616D80B8F}.Release|iPhone.ActiveCfg = Release|Any CPU
		{A51450DC-3652-4B4B-899D-C7A616D80B8F}.Release|iPhone.Build.0 = Release|Any CPU
		{A51450DC-3652-4B4B-899D-C7A616D80B8F}.Release|iPhone.Deploy.0 = Release|Any CPU
		{A51450DC-3652-4B4B-899D-C7A616D80B8F}.Release|iPhoneSimulator.ActiveCfg = Release|Any CPU
		{A51450DC-3652-4B4B-899D-C7A616D80B8F}.Release|iPhoneSimulator.Build.0 = Release|Any CPU
		{A51450DC-3652-4B4B-899D-C7A616D80B8F}.Release|iPhoneSimulator.Deploy.0 = Release|Any CPU
		{A51450DC-3652-4B4B-899D-C7A616D80B8F}.Release|x86.ActiveCfg = Release|x86
		{A51450DC-3652-4B4B-899D-C7A616D80B8F}.Release|x86.Build.0 = Release|x86
		{A51450DC-3652-4B4B-899D-C7A616D80B8F}.Release|x86.Deploy.0 = Release|x86
	EndGlobalSection
	GlobalSection(SolutionProperties) = preSolution
		HideSolutionNode = FALSE
	EndGlobalSection
	GlobalSection(NestedProjects) = preSolution
		{E3B85BD2-0330-4B9D-9DA5-C8BE5C613EA9} = {A2879659-15CC-435A-85D0-57703B8A8DB3}
		{FC272BB3-7547-4DF4-8521-8E99D4DC8F60} = {A2879659-15CC-435A-85D0-57703B8A8DB3}
		{99A24723-27E3-4F32-9A99-1A80DFF33DE6} = {A2879659-15CC-435A-85D0-57703B8A8DB3}
		{A51450DC-3652-4B4B-899D-C7A616D80B8F} = {A2879659-15CC-435A-85D0-57703B8A8DB3}
	EndGlobalSection
EndGlobal
